
Microsoft Visual Studio Solution File, Format Version 12.00
# Visual Studio Version 17
VisualStudioVersion = 17.0.31912.275
MinimumVisualStudioVersion = 10.0.40219.1
Project("{FAE04EC0-301F-11D3-BF4B-00C04F79EFBC}") = "training_8", "training_8.csproj", "{5757DC16-AF62-4E01-8BCE-6AD71BC4BE8A}"
EndProject
Global
	GlobalSection(SolutionConfigurationPlatforms) = preSolution
		Debug|Any CPU = Debug|Any CPU
		Release|Any CPU = Release|Any CPU
	EndGlobalSection
	GlobalSection(ProjectConfigurationPlatforms) = postSolution
		{5757DC16-AF62-4E01-8BCE-6AD71BC4BE8A}.Debug|Any CPU.ActiveCfg = Debug|Any CPU
		{5757DC16-AF62-4E01-8BCE-6AD71BC4BE8A}.Debug|Any CPU.Build.0 = Debug|Any CPU
		{5757DC16-AF62-4E01-8BCE-6AD71BC4BE8A}.Release|Any CPU.ActiveCfg = Release|Any CPU
		{5757DC16-AF62-4E01-8BCE-6AD71BC4BE8A}.Release|Any CPU.Build.0 = Release|Any CPU
	EndGlobalSection
	GlobalSection(SolutionProperties) = preSolution
		HideSolutionNode = FALSE
	EndGlobalSection
	GlobalSection(ExtensibilityGlobals) = postSolution
		SolutionGuid = {25698CA4-15DC-49B0-9EC6-83081D5F0FC8}
	EndGlobalSection
EndGlobal
